// !$*UTF8*$!
{
	archiveVersion = 1;
	classes = {
	};
	objectVersion = 50;
	objects = {

/* Begin PBXBuildFile section */
		5CE35505D7BB859A778CD14F /* Pods_Aquatic_Saver.framework in Frameworks */ = {isa = PBXBuildFile; fileRef = 8515D166891310D1ED4D7E95 /* Pods_Aquatic_Saver.framework */; };
		A6185102214BAE9900E6CC51 /* UIElements.swift in Sources */ = {isa = PBXBuildFile; fileRef = A61CBE5021356A2F00A9AF55 /* UIElements.swift */; };
		A6185103214BAE9900E6CC51 /* Router.swift in Sources */ = {isa = PBXBuildFile; fileRef = A61CBE5621357F1300A9AF55 /* Router.swift */; };
		A6185104214BAE9900E6CC51 /* LoginViewController.swift in Sources */ = {isa = PBXBuildFile; fileRef = A6344A82213449EC0064AABB /* LoginViewController.swift */; };
		A6185105214BAE9900E6CC51 /* RegisterViewController.swift in Sources */ = {isa = PBXBuildFile; fileRef = A61CBE5421357D5200A9AF55 /* RegisterViewController.swift */; };
		A6185107214BAE9900E6CC51 /* MainViewController.swift in Sources */ = {isa = PBXBuildFile; fileRef = A67003A42139584400B0E718 /* MainViewController.swift */; };
		A6185108214BAE9900E6CC51 /* RegisterDeviceViewController.swift in Sources */ = {isa = PBXBuildFile; fileRef = A6D452D42139C2FF00387923 /* RegisterDeviceViewController.swift */; };
		A6185109214BAE9900E6CC51 /* MapViewController.swift in Sources */ = {isa = PBXBuildFile; fileRef = A6B6CB90213E7AFC003E4BBC /* MapViewController.swift */; };
		A618510A214BAE9900E6CC51 /* DataSource.swift in Sources */ = {isa = PBXBuildFile; fileRef = A6B6CB94213EAD40003E4BBC /* DataSource.swift */; };
		A618510B214BAE9900E6CC51 /* ConfigurableCell.swift in Sources */ = {isa = PBXBuildFile; fileRef = A670039E21391F7800B0E718 /* ConfigurableCell.swift */; };
		A618510D214BAE9900E6CC51 /* DeviceCell.swift in Sources */ = {isa = PBXBuildFile; fileRef = A6D452D92139C7AC00387923 /* DeviceCell.swift */; };
		A618510F214BAE9900E6CC51 /* SettingTypeCell.swift in Sources */ = {isa = PBXBuildFile; fileRef = A62B449F2136B7230083D8EF /* SettingTypeCell.swift */; };
		A6185110214BAE9900E6CC51 /* PushNotification.swift in Sources */ = {isa = PBXBuildFile; fileRef = A6D383D3214A71A0005C66CB /* PushNotification.swift */; };
		A6185111214BAE9900E6CC51 /* NotificationManager.swift in Sources */ = {isa = PBXBuildFile; fileRef = A6D383D5214A720B005C66CB /* NotificationManager.swift */; };
		A6185112214BAE9900E6CC51 /* Resource.swift in Sources */ = {isa = PBXBuildFile; fileRef = A670039221390BF500B0E718 /* Resource.swift */; };
		A6185113214BAE9900E6CC51 /* AppError.swift in Sources */ = {isa = PBXBuildFile; fileRef = A670039421390E4000B0E718 /* AppError.swift */; };
		A6185114214BAE9900E6CC51 /* AppNotification.swift in Sources */ = {isa = PBXBuildFile; fileRef = A67003A22139343B00B0E718 /* AppNotification.swift */; };
		A6185115214BAE9900E6CC51 /* Position.swift in Sources */ = {isa = PBXBuildFile; fileRef = A6A7662621416C4E00F9459C /* Position.swift */; };
		A6185116214BAE9900E6CC51 /* Network.swift in Sources */ = {isa = PBXBuildFile; fileRef = A6A7662821416CC600F9459C /* Network.swift */; };
		A6185117214BAE9900E6CC51 /* CellTower.swift in Sources */ = {isa = PBXBuildFile; fileRef = A6A7662A21416CDD00F9459C /* CellTower.swift */; };
		A6185118214BAE9900E6CC51 /* WiFiAccessPoint.swift in Sources */ = {isa = PBXBuildFile; fileRef = A6A7662C21416D0000F9459C /* WiFiAccessPoint.swift */; };
		A6185119214BAE9900E6CC51 /* Contact.swift in Sources */ = {isa = PBXBuildFile; fileRef = A608E2E9213C595E003D2C23 /* Contact.swift */; };
		A618511A214BAE9900E6CC51 /* Command.swift in Sources */ = {isa = PBXBuildFile; fileRef = A608E2E2213C575F003D2C23 /* Command.swift */; };
		A618511B214BAE9900E6CC51 /* CommandType.swift in Sources */ = {isa = PBXBuildFile; fileRef = A608E2E4213C5783003D2C23 /* CommandType.swift */; };
		A618511C214BAE9900E6CC51 /* CommandAttributes.swift in Sources */ = {isa = PBXBuildFile; fileRef = A608E2E6213C57A5003D2C23 /* CommandAttributes.swift */; };
		A618511D214BAE9900E6CC51 /* Server.swift in Sources */ = {isa = PBXBuildFile; fileRef = A670038C21390A8200B0E718 /* Server.swift */; };
		A618511E214BAE9900E6CC51 /* Device.swift in Sources */ = {isa = PBXBuildFile; fileRef = A67003A8213992BA00B0E718 /* Device.swift */; };
		A618511F214BAE9900E6CC51 /* DeviceAttributes.swift in Sources */ = {isa = PBXBuildFile; fileRef = A67003AA2139930700B0E718 /* DeviceAttributes.swift */; };
		A6185120214BAE9900E6CC51 /* User.swift in Sources */ = {isa = PBXBuildFile; fileRef = A67003962139121F00B0E718 /* User.swift */; };
		A6185121214BAE9900E6CC51 /* UserAttributes.swift in Sources */ = {isa = PBXBuildFile; fileRef = A670039A213912A000B0E718 /* UserAttributes.swift */; };
		A6185122214BAE9900E6CC51 /* NotificationsSettings.swift in Sources */ = {isa = PBXBuildFile; fileRef = A67003982139127B00B0E718 /* NotificationsSettings.swift */; };
		A6185123214BAE9900E6CC51 /* Attributes.swift in Sources */ = {isa = PBXBuildFile; fileRef = A6700388213907DD00B0E718 /* Attributes.swift */; };
		A6185124214BAE9900E6CC51 /* Extensible.swift in Sources */ = {isa = PBXBuildFile; fileRef = A670038A2139088800B0E718 /* Extensible.swift */; };
		A6185125214BAE9900E6CC51 /* WebService.swift in Sources */ = {isa = PBXBuildFile; fileRef = A670039021390B7B00B0E718 /* WebService.swift */; };
		A6185126214BAE9900E6CC51 /* APIClient.swift in Sources */ = {isa = PBXBuildFile; fileRef = A67003A0213920B500B0E718 /* APIClient.swift */; };
		A6185127214BAE9900E6CC51 /* SocketObserver.swift in Sources */ = {isa = PBXBuildFile; fileRef = A6D383D0214A5B3E005C66CB /* SocketObserver.swift */; };
		A6185128214BAE9900E6CC51 /* UserDefaults +.swift in Sources */ = {isa = PBXBuildFile; fileRef = A61CBE582135C01100A9AF55 /* UserDefaults +.swift */; };
		A6185129214BAE9900E6CC51 /* AppDelegate.swift in Sources */ = {isa = PBXBuildFile; fileRef = A6344A80213449EC0064AABB /* AppDelegate.swift */; };
		A618512A214BAE9900E6CC51 /* Setting.swift in Sources */ = {isa = PBXBuildFile; fileRef = A6DC7E6A2136A3DB00BB7552 /* Setting.swift */; };
		A618512B214BAE9900E6CC51 /* JSON.swift in Sources */ = {isa = PBXBuildFile; fileRef = A6DC7E6C2136A97500BB7552 /* JSON.swift */; };
		A618512C214BAE9900E6CC51 /* Character + Int + String +.swift in Sources */ = {isa = PBXBuildFile; fileRef = A608E2EF213C5BAD003D2C23 /* Character + Int + String +.swift */; };
		A618512D214BAE9900E6CC51 /* UIViewController +.swift in Sources */ = {isa = PBXBuildFile; fileRef = A6B6CB92213E8CC9003E4BBC /* UIViewController +.swift */; };
		A618514A214BAFAE00E6CC51 /* Main.storyboard in Resources */ = {isa = PBXBuildFile; fileRef = A6344A84213449EC0064AABB /* Main.storyboard */; };
		A618514B214BAFBB00E6CC51 /* DeviceCell.xib in Resources */ = {isa = PBXBuildFile; fileRef = A6D452D72139C64B00387923 /* DeviceCell.xib */; };
		A618514C214BAFC000E6CC51 /* SettingTypeCell.xib in Resources */ = {isa = PBXBuildFile; fileRef = A62B449C2136B64C0083D8EF /* SettingTypeCell.xib */; };
		A618514D214BAFC900E6CC51 /* LaunchScreen.storyboard in Resources */ = {isa = PBXBuildFile; fileRef = A6344A89213449EC0064AABB /* LaunchScreen.storyboard */; };
		A618514E214BAFD300E6CC51 /* Assets.xcassets in Resources */ = {isa = PBXBuildFile; fileRef = A6344A87213449EC0064AABB /* Assets.xcassets */; };
		A6185195214BB34600E6CC51 /* Rubik-BlackItalic.ttf in Resources */ = {isa = PBXBuildFile; fileRef = A618518A214BB34500E6CC51 /* Rubik-BlackItalic.ttf */; };
		A6185196214BB34600E6CC51 /* Rubik-Regular.ttf in Resources */ = {isa = PBXBuildFile; fileRef = A618518B214BB34500E6CC51 /* Rubik-Regular.ttf */; };
		A6185197214BB34600E6CC51 /* Rubik-Light.ttf in Resources */ = {isa = PBXBuildFile; fileRef = A618518C214BB34500E6CC51 /* Rubik-Light.ttf */; };
		A6185198214BB34600E6CC51 /* Rubik-BoldItalic.ttf in Resources */ = {isa = PBXBuildFile; fileRef = A618518D214BB34500E6CC51 /* Rubik-BoldItalic.ttf */; };
		A6185199214BB34600E6CC51 /* Rubik-Black.ttf in Resources */ = {isa = PBXBuildFile; fileRef = A618518E214BB34600E6CC51 /* Rubik-Black.ttf */; };
		A618519A214BB34600E6CC51 /* Rubik-Bold.ttf in Resources */ = {isa = PBXBuildFile; fileRef = A618518F214BB34600E6CC51 /* Rubik-Bold.ttf */; };
		A618519B214BB34600E6CC51 /* Rubik-Medium.ttf in Resources */ = {isa = PBXBuildFile; fileRef = A6185190214BB34600E6CC51 /* Rubik-Medium.ttf */; };
		A618519C214BB34600E6CC51 /* Rubik-Italic.ttf in Resources */ = {isa = PBXBuildFile; fileRef = A6185191214BB34600E6CC51 /* Rubik-Italic.ttf */; };
		A618519E214BB34600E6CC51 /* Rubik-MediumItalic.ttf in Resources */ = {isa = PBXBuildFile; fileRef = A6185193214BB34600E6CC51 /* Rubik-MediumItalic.ttf */; };
		A618519F214BB34600E6CC51 /* Rubik-LightItalic.ttf in Resources */ = {isa = PBXBuildFile; fileRef = A6185194214BB34600E6CC51 /* Rubik-LightItalic.ttf */; };
		A667481C214EA8F200D323E3 /* DeviceStatus.swift in Sources */ = {isa = PBXBuildFile; fileRef = A667481B214EA8F200D323E3 /* DeviceStatus.swift */; };
		A688B1C7214FFB2400736BD7 /* EventAttributes.swift in Sources */ = {isa = PBXBuildFile; fileRef = A688B1C6214FFB2400736BD7 /* EventAttributes.swift */; };
		A688B1C9214FFB6600736BD7 /* Event.swift in Sources */ = {isa = PBXBuildFile; fileRef = A688B1C8214FFB6600736BD7 /* Event.swift */; };
		A688B1CB214FFB9600736BD7 /* EventType.swift in Sources */ = {isa = PBXBuildFile; fileRef = A688B1CA214FFB9600736BD7 /* EventType.swift */; };
		A688B1CE2150075900736BD7 /* Strings.json in Resources */ = {isa = PBXBuildFile; fileRef = A688B1CD2150075900736BD7 /* Strings.json */; };
		A688B1D321500C4500736BD7 /* Translator.swift in Sources */ = {isa = PBXBuildFile; fileRef = A688B1D221500C4500736BD7 /* Translator.swift */; };
		A688B1D521504F0400736BD7 /* RowBuilder.swift in Sources */ = {isa = PBXBuildFile; fileRef = A688B1D421504F0400736BD7 /* RowBuilder.swift */; };
		A688B1D721504FDE00736BD7 /* TableViewDirector.swift in Sources */ = {isa = PBXBuildFile; fileRef = A688B1D621504FDE00736BD7 /* TableViewDirector.swift */; };
		A688B1DA21505DB200736BD7 /* StringCell.xib in Resources */ = {isa = PBXBuildFile; fileRef = A688B1D921505DB200736BD7 /* StringCell.xib */; };
		A688B1DC21505E9700736BD7 /* StringCell.swift in Sources */ = {isa = PBXBuildFile; fileRef = A688B1DB21505E9700736BD7 /* StringCell.swift */; };
		A688B1DF215060DD00736BD7 /* BoolCell.swift in Sources */ = {isa = PBXBuildFile; fileRef = A688B1DE215060DD00736BD7 /* BoolCell.swift */; };
		A688B1E12150611D00736BD7 /* BoolCell.xib in Resources */ = {isa = PBXBuildFile; fileRef = A688B1E02150611D00736BD7 /* BoolCell.xib */; };
		A688B1E42150629000736BD7 /* SegmentCell.swift in Sources */ = {isa = PBXBuildFile; fileRef = A688B1E32150629000736BD7 /* SegmentCell.swift */; };
		A688B1E6215062DA00736BD7 /* SegmentCell.xib in Resources */ = {isa = PBXBuildFile; fileRef = A688B1E5215062DA00736BD7 /* SegmentCell.xib */; };
		A688B1E82150672A00736BD7 /* SettingsViewController.swift in Sources */ = {isa = PBXBuildFile; fileRef = A688B1E72150672A00736BD7 /* SettingsViewController.swift */; };
		A6AC5E0A2155774C00106D7E /* DateFormatter.swift in Sources */ = {isa = PBXBuildFile; fileRef = A6AC5E092155774C00106D7E /* DateFormatter.swift */; };
		A6E35E1C21519D820009DF52 /* ArrayCell.swift in Sources */ = {isa = PBXBuildFile; fileRef = A6E35E1A21519D820009DF52 /* ArrayCell.swift */; };
		A6E35E1D21519D820009DF52 /* ArrayCell.xib in Resources */ = {isa = PBXBuildFile; fileRef = A6E35E1B21519D820009DF52 /* ArrayCell.xib */; };
/* End PBXBuildFile section */

/* Begin PBXFileReference section */
		53BD77F7A13C404A49765885 /* Pods-Aquatic Saver.release.xcconfig */ = {isa = PBXFileReference; includeInIndex = 1; lastKnownFileType = text.xcconfig; name = "Pods-Aquatic Saver.release.xcconfig"; path = "Pods/Target Support Files/Pods-Aquatic Saver/Pods-Aquatic Saver.release.xcconfig"; sourceTree = "<group>"; };
		8515D166891310D1ED4D7E95 /* Pods_Aquatic_Saver.framework */ = {isa = PBXFileReference; explicitFileType = wrapper.framework; includeInIndex = 0; path = Pods_Aquatic_Saver.framework; sourceTree = BUILT_PRODUCTS_DIR; };
		A608E2E2213C575F003D2C23 /* Command.swift */ = {isa = PBXFileReference; lastKnownFileType = sourcecode.swift; path = Command.swift; sourceTree = "<group>"; };
		A608E2E4213C5783003D2C23 /* CommandType.swift */ = {isa = PBXFileReference; lastKnownFileType = sourcecode.swift; path = CommandType.swift; sourceTree = "<group>"; };
		A608E2E6213C57A5003D2C23 /* CommandAttributes.swift */ = {isa = PBXFileReference; lastKnownFileType = sourcecode.swift; path = CommandAttributes.swift; sourceTree = "<group>"; };
		A608E2E9213C595E003D2C23 /* Contact.swift */ = {isa = PBXFileReference; lastKnownFileType = sourcecode.swift; path = Contact.swift; sourceTree = "<group>"; };
		A608E2EF213C5BAD003D2C23 /* Character + Int + String +.swift */ = {isa = PBXFileReference; lastKnownFileType = sourcecode.swift; path = "Character + Int + String +.swift"; sourceTree = "<group>"; };
		A61850F0214BACB200E6CC51 /* Aquatic Saver.app */ = {isa = PBXFileReference; explicitFileType = wrapper.application; includeInIndex = 0; path = "Aquatic Saver.app"; sourceTree = BUILT_PRODUCTS_DIR; };
		A618518A214BB34500E6CC51 /* Rubik-BlackItalic.ttf */ = {isa = PBXFileReference; lastKnownFileType = file; path = "Rubik-BlackItalic.ttf"; sourceTree = "<group>"; };
		A618518B214BB34500E6CC51 /* Rubik-Regular.ttf */ = {isa = PBXFileReference; lastKnownFileType = file; path = "Rubik-Regular.ttf"; sourceTree = "<group>"; };
		A618518C214BB34500E6CC51 /* Rubik-Light.ttf */ = {isa = PBXFileReference; lastKnownFileType = file; path = "Rubik-Light.ttf"; sourceTree = "<group>"; };
		A618518D214BB34500E6CC51 /* Rubik-BoldItalic.ttf */ = {isa = PBXFileReference; lastKnownFileType = file; path = "Rubik-BoldItalic.ttf"; sourceTree = "<group>"; };
		A618518E214BB34600E6CC51 /* Rubik-Black.ttf */ = {isa = PBXFileReference; lastKnownFileType = file; path = "Rubik-Black.ttf"; sourceTree = "<group>"; };
		A618518F214BB34600E6CC51 /* Rubik-Bold.ttf */ = {isa = PBXFileReference; lastKnownFileType = file; path = "Rubik-Bold.ttf"; sourceTree = "<group>"; };
		A6185190214BB34600E6CC51 /* Rubik-Medium.ttf */ = {isa = PBXFileReference; lastKnownFileType = file; path = "Rubik-Medium.ttf"; sourceTree = "<group>"; };
		A6185191214BB34600E6CC51 /* Rubik-Italic.ttf */ = {isa = PBXFileReference; lastKnownFileType = file; path = "Rubik-Italic.ttf"; sourceTree = "<group>"; };
		A6185192214BB34600E6CC51 /* OFL.txt */ = {isa = PBXFileReference; fileEncoding = 4; lastKnownFileType = text; path = OFL.txt; sourceTree = "<group>"; };
		A6185193214BB34600E6CC51 /* Rubik-MediumItalic.ttf */ = {isa = PBXFileReference; lastKnownFileType = file; path = "Rubik-MediumItalic.ttf"; sourceTree = "<group>"; };
		A6185194214BB34600E6CC51 /* Rubik-LightItalic.ttf */ = {isa = PBXFileReference; lastKnownFileType = file; path = "Rubik-LightItalic.ttf"; sourceTree = "<group>"; };
		A61CBE5021356A2F00A9AF55 /* UIElements.swift */ = {isa = PBXFileReference; lastKnownFileType = sourcecode.swift; path = UIElements.swift; sourceTree = "<group>"; };
		A61CBE5421357D5200A9AF55 /* RegisterViewController.swift */ = {isa = PBXFileReference; lastKnownFileType = sourcecode.swift; path = RegisterViewController.swift; sourceTree = "<group>"; };
		A61CBE5621357F1300A9AF55 /* Router.swift */ = {isa = PBXFileReference; lastKnownFileType = sourcecode.swift; path = Router.swift; sourceTree = "<group>"; };
		A61CBE582135C01100A9AF55 /* UserDefaults +.swift */ = {isa = PBXFileReference; lastKnownFileType = sourcecode.swift; path = "UserDefaults +.swift"; sourceTree = "<group>"; };
		A62B449C2136B64C0083D8EF /* SettingTypeCell.xib */ = {isa = PBXFileReference; lastKnownFileType = file.xib; path = SettingTypeCell.xib; sourceTree = "<group>"; };
		A62B449F2136B7230083D8EF /* SettingTypeCell.swift */ = {isa = PBXFileReference; lastKnownFileType = sourcecode.swift; path = SettingTypeCell.swift; sourceTree = "<group>"; };
		A6344A80213449EC0064AABB /* AppDelegate.swift */ = {isa = PBXFileReference; lastKnownFileType = sourcecode.swift; path = AppDelegate.swift; sourceTree = "<group>"; };
		A6344A82213449EC0064AABB /* LoginViewController.swift */ = {isa = PBXFileReference; lastKnownFileType = sourcecode.swift; path = LoginViewController.swift; sourceTree = "<group>"; };
		A6344A85213449EC0064AABB /* Base */ = {isa = PBXFileReference; lastKnownFileType = file.storyboard; name = Base; path = Base.lproj/Main.storyboard; sourceTree = "<group>"; };
		A6344A87213449EC0064AABB /* Assets.xcassets */ = {isa = PBXFileReference; lastKnownFileType = folder.assetcatalog; path = Assets.xcassets; sourceTree = "<group>"; };
		A6344A8A213449EC0064AABB /* Base */ = {isa = PBXFileReference; lastKnownFileType = file.storyboard; name = Base; path = Base.lproj/LaunchScreen.storyboard; sourceTree = "<group>"; };
		A6344A8C213449EC0064AABB /* Info.plist */ = {isa = PBXFileReference; lastKnownFileType = text.plist.xml; path = Info.plist; sourceTree = "<group>"; };
		A6344A9221344AF60064AABB /* Podfile */ = {isa = PBXFileReference; fileEncoding = 4; lastKnownFileType = text; path = Podfile; sourceTree = "<group>"; xcLanguageSpecificationIdentifier = xcode.lang.ruby; };
		A6344A9721344DC60064AABB /* README.md */ = {isa = PBXFileReference; lastKnownFileType = net.daringfireball.markdown; path = README.md; sourceTree = "<group>"; };
		A667481B214EA8F200D323E3 /* DeviceStatus.swift */ = {isa = PBXFileReference; lastKnownFileType = sourcecode.swift; path = DeviceStatus.swift; sourceTree = "<group>"; };
		A6700388213907DD00B0E718 /* Attributes.swift */ = {isa = PBXFileReference; lastKnownFileType = sourcecode.swift; path = Attributes.swift; sourceTree = "<group>"; };
		A670038A2139088800B0E718 /* Extensible.swift */ = {isa = PBXFileReference; lastKnownFileType = sourcecode.swift; path = Extensible.swift; sourceTree = "<group>"; };
		A670038C21390A8200B0E718 /* Server.swift */ = {isa = PBXFileReference; lastKnownFileType = sourcecode.swift; path = Server.swift; sourceTree = "<group>"; };
		A670039021390B7B00B0E718 /* WebService.swift */ = {isa = PBXFileReference; lastKnownFileType = sourcecode.swift; path = WebService.swift; sourceTree = "<group>"; };
		A670039221390BF500B0E718 /* Resource.swift */ = {isa = PBXFileReference; lastKnownFileType = sourcecode.swift; path = Resource.swift; sourceTree = "<group>"; };
		A670039421390E4000B0E718 /* AppError.swift */ = {isa = PBXFileReference; lastKnownFileType = sourcecode.swift; path = AppError.swift; sourceTree = "<group>"; };
		A67003962139121F00B0E718 /* User.swift */ = {isa = PBXFileReference; lastKnownFileType = sourcecode.swift; path = User.swift; sourceTree = "<group>"; };
		A67003982139127B00B0E718 /* NotificationsSettings.swift */ = {isa = PBXFileReference; lastKnownFileType = sourcecode.swift; path = NotificationsSettings.swift; sourceTree = "<group>"; };
		A670039A213912A000B0E718 /* UserAttributes.swift */ = {isa = PBXFileReference; lastKnownFileType = sourcecode.swift; path = UserAttributes.swift; sourceTree = "<group>"; };
		A670039E21391F7800B0E718 /* ConfigurableCell.swift */ = {isa = PBXFileReference; lastKnownFileType = sourcecode.swift; path = ConfigurableCell.swift; sourceTree = "<group>"; };
		A67003A0213920B500B0E718 /* APIClient.swift */ = {isa = PBXFileReference; lastKnownFileType = sourcecode.swift; path = APIClient.swift; sourceTree = "<group>"; };
		A67003A22139343B00B0E718 /* AppNotification.swift */ = {isa = PBXFileReference; lastKnownFileType = sourcecode.swift; path = AppNotification.swift; sourceTree = "<group>"; };
		A67003A42139584400B0E718 /* MainViewController.swift */ = {isa = PBXFileReference; lastKnownFileType = sourcecode.swift; path = MainViewController.swift; sourceTree = "<group>"; };
		A67003A8213992BA00B0E718 /* Device.swift */ = {isa = PBXFileReference; lastKnownFileType = sourcecode.swift; path = Device.swift; sourceTree = "<group>"; };
		A67003AA2139930700B0E718 /* DeviceAttributes.swift */ = {isa = PBXFileReference; lastKnownFileType = sourcecode.swift; path = DeviceAttributes.swift; sourceTree = "<group>"; };
		A688B1C6214FFB2400736BD7 /* EventAttributes.swift */ = {isa = PBXFileReference; lastKnownFileType = sourcecode.swift; path = EventAttributes.swift; sourceTree = "<group>"; };
		A688B1C8214FFB6600736BD7 /* Event.swift */ = {isa = PBXFileReference; lastKnownFileType = sourcecode.swift; path = Event.swift; sourceTree = "<group>"; };
		A688B1CA214FFB9600736BD7 /* EventType.swift */ = {isa = PBXFileReference; lastKnownFileType = sourcecode.swift; path = EventType.swift; sourceTree = "<group>"; };
		A688B1CD2150075900736BD7 /* Strings.json */ = {isa = PBXFileReference; lastKnownFileType = text.json; path = Strings.json; sourceTree = "<group>"; };
		A688B1D221500C4500736BD7 /* Translator.swift */ = {isa = PBXFileReference; lastKnownFileType = sourcecode.swift; path = Translator.swift; sourceTree = "<group>"; };
		A688B1D421504F0400736BD7 /* RowBuilder.swift */ = {isa = PBXFileReference; lastKnownFileType = sourcecode.swift; path = RowBuilder.swift; sourceTree = "<group>"; };
		A688B1D621504FDE00736BD7 /* TableViewDirector.swift */ = {isa = PBXFileReference; lastKnownFileType = sourcecode.swift; path = TableViewDirector.swift; sourceTree = "<group>"; };
		A688B1D921505DB200736BD7 /* StringCell.xib */ = {isa = PBXFileReference; lastKnownFileType = file.xib; path = StringCell.xib; sourceTree = "<group>"; };
		A688B1DB21505E9700736BD7 /* StringCell.swift */ = {isa = PBXFileReference; lastKnownFileType = sourcecode.swift; path = StringCell.swift; sourceTree = "<group>"; };
		A688B1DE215060DD00736BD7 /* BoolCell.swift */ = {isa = PBXFileReference; lastKnownFileType = sourcecode.swift; path = BoolCell.swift; sourceTree = "<group>"; };
		A688B1E02150611D00736BD7 /* BoolCell.xib */ = {isa = PBXFileReference; lastKnownFileType = file.xib; path = BoolCell.xib; sourceTree = "<group>"; };
		A688B1E32150629000736BD7 /* SegmentCell.swift */ = {isa = PBXFileReference; lastKnownFileType = sourcecode.swift; path = SegmentCell.swift; sourceTree = "<group>"; };
		A688B1E5215062DA00736BD7 /* SegmentCell.xib */ = {isa = PBXFileReference; lastKnownFileType = file.xib; path = SegmentCell.xib; sourceTree = "<group>"; };
		A688B1E72150672A00736BD7 /* SettingsViewController.swift */ = {isa = PBXFileReference; lastKnownFileType = sourcecode.swift; path = SettingsViewController.swift; sourceTree = "<group>"; };
		A6A7662621416C4E00F9459C /* Position.swift */ = {isa = PBXFileReference; lastKnownFileType = sourcecode.swift; path = Position.swift; sourceTree = "<group>"; };
		A6A7662821416CC600F9459C /* Network.swift */ = {isa = PBXFileReference; lastKnownFileType = sourcecode.swift; path = Network.swift; sourceTree = "<group>"; };
		A6A7662A21416CDD00F9459C /* CellTower.swift */ = {isa = PBXFileReference; lastKnownFileType = sourcecode.swift; path = CellTower.swift; sourceTree = "<group>"; };
		A6A7662C21416D0000F9459C /* WiFiAccessPoint.swift */ = {isa = PBXFileReference; lastKnownFileType = sourcecode.swift; path = WiFiAccessPoint.swift; sourceTree = "<group>"; };
		A6AC5E092155774C00106D7E /* DateFormatter.swift */ = {isa = PBXFileReference; lastKnownFileType = sourcecode.swift; path = DateFormatter.swift; sourceTree = "<group>"; };
		A6B6CB90213E7AFC003E4BBC /* MapViewController.swift */ = {isa = PBXFileReference; lastKnownFileType = sourcecode.swift; name = MapViewController.swift; path = "Aquatic Saver/View/MapViewController.swift"; sourceTree = SOURCE_ROOT; };
		A6B6CB92213E8CC9003E4BBC /* UIViewController +.swift */ = {isa = PBXFileReference; lastKnownFileType = sourcecode.swift; path = "UIViewController +.swift"; sourceTree = "<group>"; };
		A6B6CB94213EAD40003E4BBC /* DataSource.swift */ = {isa = PBXFileReference; lastKnownFileType = sourcecode.swift; path = DataSource.swift; sourceTree = "<group>"; };
		A6D383D0214A5B3E005C66CB /* SocketObserver.swift */ = {isa = PBXFileReference; lastKnownFileType = sourcecode.swift; path = SocketObserver.swift; sourceTree = "<group>"; };
		A6D383D3214A71A0005C66CB /* PushNotification.swift */ = {isa = PBXFileReference; lastKnownFileType = sourcecode.swift; path = PushNotification.swift; sourceTree = "<group>"; };
		A6D383D5214A720B005C66CB /* NotificationManager.swift */ = {isa = PBXFileReference; lastKnownFileType = sourcecode.swift; path = NotificationManager.swift; sourceTree = "<group>"; };
		A6D452D42139C2FF00387923 /* RegisterDeviceViewController.swift */ = {isa = PBXFileReference; lastKnownFileType = sourcecode.swift; path = RegisterDeviceViewController.swift; sourceTree = "<group>"; };
		A6D452D72139C64B00387923 /* DeviceCell.xib */ = {isa = PBXFileReference; lastKnownFileType = file.xib; path = DeviceCell.xib; sourceTree = "<group>"; };
		A6D452D92139C7AC00387923 /* DeviceCell.swift */ = {isa = PBXFileReference; lastKnownFileType = sourcecode.swift; path = DeviceCell.swift; sourceTree = "<group>"; };
		A6DC7E6A2136A3DB00BB7552 /* Setting.swift */ = {isa = PBXFileReference; lastKnownFileType = sourcecode.swift; path = Setting.swift; sourceTree = "<group>"; };
		A6DC7E6C2136A97500BB7552 /* JSON.swift */ = {isa = PBXFileReference; lastKnownFileType = sourcecode.swift; path = JSON.swift; sourceTree = "<group>"; };
		A6E35E1A21519D820009DF52 /* ArrayCell.swift */ = {isa = PBXFileReference; fileEncoding = 4; lastKnownFileType = sourcecode.swift; path = ArrayCell.swift; sourceTree = "<group>"; };
		A6E35E1B21519D820009DF52 /* ArrayCell.xib */ = {isa = PBXFileReference; fileEncoding = 4; lastKnownFileType = file.xib; path = ArrayCell.xib; sourceTree = "<group>"; };
		FA58BD56942DFC47B4C1A9BC /* Pods-Aquatic Saver.debug.xcconfig */ = {isa = PBXFileReference; includeInIndex = 1; lastKnownFileType = text.xcconfig; name = "Pods-Aquatic Saver.debug.xcconfig"; path = "Pods/Target Support Files/Pods-Aquatic Saver/Pods-Aquatic Saver.debug.xcconfig"; sourceTree = "<group>"; };
/* End PBXFileReference section */

/* Begin PBXFrameworksBuildPhase section */
		A61850ED214BACB200E6CC51 /* Frameworks */ = {
			isa = PBXFrameworksBuildPhase;
			buildActionMask = 2147483647;
			files = (
				5CE35505D7BB859A778CD14F /* Pods_Aquatic_Saver.framework in Frameworks */,
			);
			runOnlyForDeploymentPostprocessing = 0;
		};
/* End PBXFrameworksBuildPhase section */

/* Begin PBXGroup section */
		3B1C082CEBAB96DAA4AFED1F /* Pods */ = {
			isa = PBXGroup;
			children = (
				FA58BD56942DFC47B4C1A9BC /* Pods-Aquatic Saver.debug.xcconfig */,
				53BD77F7A13C404A49765885 /* Pods-Aquatic Saver.release.xcconfig */,
			);
			name = Pods;
			sourceTree = "<group>";
		};
		A608E2E1213C574E003D2C23 /* Command */ = {
			isa = PBXGroup;
			children = (
				A608E2E2213C575F003D2C23 /* Command.swift */,
				A608E2E4213C5783003D2C23 /* CommandType.swift */,
				A608E2E6213C57A5003D2C23 /* CommandAttributes.swift */,
			);
			path = Command;
			sourceTree = "<group>";
		};
		A608E2E8213C594D003D2C23 /* Contact */ = {
			isa = PBXGroup;
			children = (
				A608E2E9213C595E003D2C23 /* Contact.swift */,
			);
			path = Contact;
			sourceTree = "<group>";
		};
		A6185163214BB26400E6CC51 /* Fonts */ = {
			isa = PBXGroup;
			children = (
				A6185164214BB27300E6CC51 /* Rubik */,
			);
			path = Fonts;
			sourceTree = "<group>";
		};
		A6185164214BB27300E6CC51 /* Rubik */ = {
			isa = PBXGroup;
			children = (
				A6185192214BB34600E6CC51 /* OFL.txt */,
				A618518E214BB34600E6CC51 /* Rubik-Black.ttf */,
				A618518A214BB34500E6CC51 /* Rubik-BlackItalic.ttf */,
				A618518F214BB34600E6CC51 /* Rubik-Bold.ttf */,
				A618518D214BB34500E6CC51 /* Rubik-BoldItalic.ttf */,
				A6185191214BB34600E6CC51 /* Rubik-Italic.ttf */,
				A618518C214BB34500E6CC51 /* Rubik-Light.ttf */,
				A6185194214BB34600E6CC51 /* Rubik-LightItalic.ttf */,
				A6185190214BB34600E6CC51 /* Rubik-Medium.ttf */,
				A6185193214BB34600E6CC51 /* Rubik-MediumItalic.ttf */,
				A618518B214BB34500E6CC51 /* Rubik-Regular.ttf */,
			);
			path = Rubik;
			sourceTree = "<group>";
		};
		A62B449E2136B7100083D8EF /* SettingTypeCell */ = {
			isa = PBXGroup;
			children = (
				A62B449C2136B64C0083D8EF /* SettingTypeCell.xib */,
				A62B449F2136B7230083D8EF /* SettingTypeCell.swift */,
			);
			path = SettingTypeCell;
			sourceTree = "<group>";
		};
		A6344A74213449EC0064AABB = {
			isa = PBXGroup;
			children = (
				A6344A9721344DC60064AABB /* README.md */,
				A6344A9221344AF60064AABB /* Podfile */,
				A6344A7F213449EC0064AABB /* Aquatic Saver */,
				A6344A7E213449EC0064AABB /* Products */,
				3B1C082CEBAB96DAA4AFED1F /* Pods */,
				BE34C6C9537D1B4E7A38FDAE /* Frameworks */,
			);
			sourceTree = "<group>";
		};
		A6344A7E213449EC0064AABB /* Products */ = {
			isa = PBXGroup;
			children = (
				A61850F0214BACB200E6CC51 /* Aquatic Saver.app */,
			);
			name = Products;
			sourceTree = "<group>";
		};
		A6344A7F213449EC0064AABB /* Aquatic Saver */ = {
			isa = PBXGroup;
			children = (
				A6344A9521344B710064AABB /* View */,
				A6344A9621344B990064AABB /* Model */,
				A6344A9421344B5D0064AABB /* Helpers */,
				A6344A9A21347B4B0064AABB /* Resources */,
			);
			path = "Aquatic Saver";
			sourceTree = "<group>";
		};
		A6344A9421344B5D0064AABB /* Helpers */ = {
			isa = PBXGroup;
			children = (
				A61CBE582135C01100A9AF55 /* UserDefaults +.swift */,
				A6344A80213449EC0064AABB /* AppDelegate.swift */,
				A6DC7E6A2136A3DB00BB7552 /* Setting.swift */,
				A6DC7E6C2136A97500BB7552 /* JSON.swift */,
				A6344A89213449EC0064AABB /* LaunchScreen.storyboard */,
				A608E2EF213C5BAD003D2C23 /* Character + Int + String +.swift */,
				A6B6CB92213E8CC9003E4BBC /* UIViewController +.swift */,
				A6344A8C213449EC0064AABB /* Info.plist */,
				A688B1D221500C4500736BD7 /* Translator.swift */,
				A6AC5E092155774C00106D7E /* DateFormatter.swift */,
			);
			path = Helpers;
			sourceTree = "<group>";
		};
		A6344A9521344B710064AABB /* View */ = {
			isa = PBXGroup;
			children = (
				A670039D21391F3E00B0E718 /* Storyboard */,
				A6700387213873F900B0E718 /* Controllers */,
				A670039C21391F0300B0E718 /* ConfigurableCell */,
			);
			path = View;
			sourceTree = "<group>";
		};
		A6344A9621344B990064AABB /* Model */ = {
			isa = PBXGroup;
			children = (
				A670039221390BF500B0E718 /* Resource.swift */,
				A670039421390E4000B0E718 /* AppError.swift */,
				A67003A22139343B00B0E718 /* AppNotification.swift */,
				A6D383D2214A718C005C66CB /* PushNotification */,
				A670038F21390B6300B0E718 /* Traccar */,
				A670038E21390B5C00B0E718 /* API */,
			);
			path = Model;
			sourceTree = "<group>";
		};
		A6344A9A21347B4B0064AABB /* Resources */ = {
			isa = PBXGroup;
			children = (
				A688B1CC215006EE00736BD7 /* Localization */,
				A6185163214BB26400E6CC51 /* Fonts */,
				A6344A87213449EC0064AABB /* Assets.xcassets */,
			);
			path = Resources;
			sourceTree = "<group>";
		};
		A6700387213873F900B0E718 /* Controllers */ = {
			isa = PBXGroup;
			children = (
				A6344A82213449EC0064AABB /* LoginViewController.swift */,
				A61CBE5421357D5200A9AF55 /* RegisterViewController.swift */,
				A67003A42139584400B0E718 /* MainViewController.swift */,
				A6D452D42139C2FF00387923 /* RegisterDeviceViewController.swift */,
				A6B6CB90213E7AFC003E4BBC /* MapViewController.swift */,
				A688B1E72150672A00736BD7 /* SettingsViewController.swift */,
			);
			path = Controllers;
			sourceTree = "<group>";
		};
		A670038E21390B5C00B0E718 /* API */ = {
			isa = PBXGroup;
			children = (
				A670039021390B7B00B0E718 /* WebService.swift */,
				A67003A0213920B500B0E718 /* APIClient.swift */,
				A6D383D0214A5B3E005C66CB /* SocketObserver.swift */,
			);
			path = API;
			sourceTree = "<group>";
		};
		A670038F21390B6300B0E718 /* Traccar */ = {
			isa = PBXGroup;
			children = (
				A688B1C5214FFB0700736BD7 /* Event */,
				A6A7662521416C3D00F9459C /* Position */,
				A608E2E8213C594D003D2C23 /* Contact */,
				A608E2E1213C574E003D2C23 /* Command */,
				A67003AC213993E000B0E718 /* Server */,
				A67003A7213992AE00B0E718 /* Device */,
				A67003A6213992A000B0E718 /* User */,
				A6700388213907DD00B0E718 /* Attributes.swift */,
				A670038A2139088800B0E718 /* Extensible.swift */,
			);
			path = Traccar;
			sourceTree = "<group>";
		};
		A670039C21391F0300B0E718 /* ConfigurableCell */ = {
			isa = PBXGroup;
			children = (
				A688B1D421504F0400736BD7 /* RowBuilder.swift */,
				A688B1D621504FDE00736BD7 /* TableViewDirector.swift */,
				A6B6CB94213EAD40003E4BBC /* DataSource.swift */,
				A670039E21391F7800B0E718 /* ConfigurableCell.swift */,
				A6E35E1921519D820009DF52 /* ArrayCell */,
				A688B1E22150626500736BD7 /* SegmentCell */,
				A688B1DD215060C200736BD7 /* BoolCell */,
				A688B1D821505D9400736BD7 /* StringCell */,
				A6D452D62139C62800387923 /* DeviceCell */,
				A62B449E2136B7100083D8EF /* SettingTypeCell */,
			);
			path = ConfigurableCell;
			sourceTree = "<group>";
		};
		A670039D21391F3E00B0E718 /* Storyboard */ = {
			isa = PBXGroup;
			children = (
				A6344A84213449EC0064AABB /* Main.storyboard */,
				A61CBE5021356A2F00A9AF55 /* UIElements.swift */,
				A61CBE5621357F1300A9AF55 /* Router.swift */,
			);
			path = Storyboard;
			sourceTree = "<group>";
		};
		A67003A6213992A000B0E718 /* User */ = {
			isa = PBXGroup;
			children = (
				A67003962139121F00B0E718 /* User.swift */,
				A670039A213912A000B0E718 /* UserAttributes.swift */,
				A67003982139127B00B0E718 /* NotificationsSettings.swift */,
			);
			path = User;
			sourceTree = "<group>";
		};
		A67003A7213992AE00B0E718 /* Device */ = {
			isa = PBXGroup;
			children = (
				A67003A8213992BA00B0E718 /* Device.swift */,
				A67003AA2139930700B0E718 /* DeviceAttributes.swift */,
				A667481B214EA8F200D323E3 /* DeviceStatus.swift */,
			);
			path = Device;
			sourceTree = "<group>";
		};
		A67003AC213993E000B0E718 /* Server */ = {
			isa = PBXGroup;
			children = (
				A670038C21390A8200B0E718 /* Server.swift */,
			);
			path = Server;
			sourceTree = "<group>";
		};
		A688B1C5214FFB0700736BD7 /* Event */ = {
			isa = PBXGroup;
			children = (
				A688B1C6214FFB2400736BD7 /* EventAttributes.swift */,
				A688B1C8214FFB6600736BD7 /* Event.swift */,
				A688B1CA214FFB9600736BD7 /* EventType.swift */,
			);
			path = Event;
			sourceTree = "<group>";
		};
		A688B1CC215006EE00736BD7 /* Localization */ = {
			isa = PBXGroup;
			children = (
				A688B1CD2150075900736BD7 /* Strings.json */,
			);
			path = Localization;
			sourceTree = "<group>";
		};
		A688B1D821505D9400736BD7 /* StringCell */ = {
			isa = PBXGroup;
			children = (
				A688B1D921505DB200736BD7 /* StringCell.xib */,
				A688B1DB21505E9700736BD7 /* StringCell.swift */,
			);
			path = StringCell;
			sourceTree = "<group>";
		};
		A688B1DD215060C200736BD7 /* BoolCell */ = {
			isa = PBXGroup;
			children = (
				A688B1DE215060DD00736BD7 /* BoolCell.swift */,
				A688B1E02150611D00736BD7 /* BoolCell.xib */,
			);
			name = BoolCell;
			path = "New Group";
			sourceTree = "<group>";
		};
		A688B1E22150626500736BD7 /* SegmentCell */ = {
			isa = PBXGroup;
			children = (
				A688B1E32150629000736BD7 /* SegmentCell.swift */,
				A688B1E5215062DA00736BD7 /* SegmentCell.xib */,
			);
			path = SegmentCell;
			sourceTree = "<group>";
		};
		A6A7662521416C3D00F9459C /* Position */ = {
			isa = PBXGroup;
			children = (
				A6A7662621416C4E00F9459C /* Position.swift */,
				A6A7662821416CC600F9459C /* Network.swift */,
				A6A7662A21416CDD00F9459C /* CellTower.swift */,
				A6A7662C21416D0000F9459C /* WiFiAccessPoint.swift */,
			);
			path = Position;
			sourceTree = "<group>";
		};
		A6D383D2214A718C005C66CB /* PushNotification */ = {
			isa = PBXGroup;
			children = (
				A6D383D3214A71A0005C66CB /* PushNotification.swift */,
				A6D383D5214A720B005C66CB /* NotificationManager.swift */,
			);
			path = PushNotification;
			sourceTree = "<group>";
		};
		A6D452D62139C62800387923 /* DeviceCell */ = {
			isa = PBXGroup;
			children = (
				A6D452D72139C64B00387923 /* DeviceCell.xib */,
				A6D452D92139C7AC00387923 /* DeviceCell.swift */,
			);
			path = DeviceCell;
			sourceTree = "<group>";
		};
		A6E35E1921519D820009DF52 /* ArrayCell */ = {
			isa = PBXGroup;
			children = (
				A6E35E1A21519D820009DF52 /* ArrayCell.swift */,
				A6E35E1B21519D820009DF52 /* ArrayCell.xib */,
			);
			path = ArrayCell;
			sourceTree = "<group>";
		};
		BE34C6C9537D1B4E7A38FDAE /* Frameworks */ = {
			isa = PBXGroup;
			children = (
				8515D166891310D1ED4D7E95 /* Pods_Aquatic_Saver.framework */,
			);
			name = Frameworks;
			sourceTree = "<group>";
		};
/* End PBXGroup section */

/* Begin PBXNativeTarget section */
		A61850EF214BACB200E6CC51 /* Aquatic Saver */ = {
			isa = PBXNativeTarget;
			buildConfigurationList = A61850FF214BACB300E6CC51 /* Build configuration list for PBXNativeTarget "Aquatic Saver" */;
			buildPhases = (
				B29EBAEE5B715D9164EA2213 /* [CP] Check Pods Manifest.lock */,
				A61850EC214BACB200E6CC51 /* Sources */,
				A61850ED214BACB200E6CC51 /* Frameworks */,
				A61850EE214BACB200E6CC51 /* Resources */,
				173BA0B031F44643518346C9 /* [CP] Embed Pods Frameworks */,
				89501DB8AF8C4AF794AB8FB0 /* [CP] Copy Pods Resources */,
			);
			buildRules = (
			);
			dependencies = (
			);
			name = "Aquatic Saver";
			productName = "Aquatic Saver";
			productReference = A61850F0214BACB200E6CC51 /* Aquatic Saver.app */;
			productType = "com.apple.product-type.application";
		};
/* End PBXNativeTarget section */

/* Begin PBXProject section */
		A6344A75213449EC0064AABB /* Project object */ = {
			isa = PBXProject;
			attributes = {
				LastSwiftUpdateCheck = 0940;
				LastUpgradeCheck = 0940;
				ORGANIZATIONNAME = "Алексей Папин";
				TargetAttributes = {
					A61850EF214BACB200E6CC51 = {
						CreatedOnToolsVersion = 9.4.1;
					};
				};
			};
			buildConfigurationList = A6344A78213449EC0064AABB /* Build configuration list for PBXProject "Aquatic Saver" */;
			compatibilityVersion = "Xcode 9.3";
			developmentRegion = en;
			hasScannedForEncodings = 0;
			knownRegions = (
				en,
				Base,
			);
			mainGroup = A6344A74213449EC0064AABB;
			productRefGroup = A6344A7E213449EC0064AABB /* Products */;
			projectDirPath = "";
			projectRoot = "";
			targets = (
				A61850EF214BACB200E6CC51 /* Aquatic Saver */,
			);
		};
/* End PBXProject section */

/* Begin PBXResourcesBuildPhase section */
		A61850EE214BACB200E6CC51 /* Resources */ = {
			isa = PBXResourcesBuildPhase;
			buildActionMask = 2147483647;
			files = (
				A688B1DA21505DB200736BD7 /* StringCell.xib in Resources */,
				A618519A214BB34600E6CC51 /* Rubik-Bold.ttf in Resources */,
				A618514E214BAFD300E6CC51 /* Assets.xcassets in Resources */,
				A688B1E6215062DA00736BD7 /* SegmentCell.xib in Resources */,
				A6185196214BB34600E6CC51 /* Rubik-Regular.ttf in Resources */,
				A618519B214BB34600E6CC51 /* Rubik-Medium.ttf in Resources */,
				A618514D214BAFC900E6CC51 /* LaunchScreen.storyboard in Resources */,
				A6185195214BB34600E6CC51 /* Rubik-BlackItalic.ttf in Resources */,
				A618519E214BB34600E6CC51 /* Rubik-MediumItalic.ttf in Resources */,
				A618514C214BAFC000E6CC51 /* SettingTypeCell.xib in Resources */,
				A6E35E1D21519D820009DF52 /* ArrayCell.xib in Resources */,
				A618519F214BB34600E6CC51 /* Rubik-LightItalic.ttf in Resources */,
				A6185197214BB34600E6CC51 /* Rubik-Light.ttf in Resources */,
				A618514B214BAFBB00E6CC51 /* DeviceCell.xib in Resources */,
				A6185198214BB34600E6CC51 /* Rubik-BoldItalic.ttf in Resources */,
				A688B1E12150611D00736BD7 /* BoolCell.xib in Resources */,
				A618519C214BB34600E6CC51 /* Rubik-Italic.ttf in Resources */,
				A6185199214BB34600E6CC51 /* Rubik-Black.ttf in Resources */,
				A688B1CE2150075900736BD7 /* Strings.json in Resources */,
				A618514A214BAFAE00E6CC51 /* Main.storyboard in Resources */,
			);
			runOnlyForDeploymentPostprocessing = 0;
		};
/* End PBXResourcesBuildPhase section */

/* Begin PBXShellScriptBuildPhase section */
		173BA0B031F44643518346C9 /* [CP] Embed Pods Frameworks */ = {
			isa = PBXShellScriptBuildPhase;
			buildActionMask = 2147483647;
			files = (
			);
			inputPaths = (
				"${SRCROOT}/Pods/Target Support Files/Pods-Aquatic Saver/Pods-Aquatic Saver-frameworks.sh",
				"${BUILT_PRODUCTS_DIR}/Alamofire/Alamofire.framework",
				"${BUILT_PRODUCTS_DIR}/IQKeyboardManager/IQKeyboardManager.framework",
				"${BUILT_PRODUCTS_DIR}/Material/Material.framework",
				"${BUILT_PRODUCTS_DIR}/Motion/Motion.framework",
				"${BUILT_PRODUCTS_DIR}/PromiseKit/PromiseKit.framework",
				"${BUILT_PRODUCTS_DIR}/Starscream/Starscream.framework",
			);
			name = "[CP] Embed Pods Frameworks";
			outputPaths = (
				"${TARGET_BUILD_DIR}/${FRAMEWORKS_FOLDER_PATH}/Alamofire.framework",
				"${TARGET_BUILD_DIR}/${FRAMEWORKS_FOLDER_PATH}/IQKeyboardManager.framework",
				"${TARGET_BUILD_DIR}/${FRAMEWORKS_FOLDER_PATH}/Material.framework",
				"${TARGET_BUILD_DIR}/${FRAMEWORKS_FOLDER_PATH}/Motion.framework",
				"${TARGET_BUILD_DIR}/${FRAMEWORKS_FOLDER_PATH}/PromiseKit.framework",
				"${TARGET_BUILD_DIR}/${FRAMEWORKS_FOLDER_PATH}/Starscream.framework",
			);
			runOnlyForDeploymentPostprocessing = 0;
			shellPath = /bin/sh;
			shellScript = "\"${SRCROOT}/Pods/Target Support Files/Pods-Aquatic Saver/Pods-Aquatic Saver-frameworks.sh\"\n";
			showEnvVarsInLog = 0;
		};
		89501DB8AF8C4AF794AB8FB0 /* [CP] Copy Pods Resources */ = {
			isa = PBXShellScriptBuildPhase;
			buildActionMask = 2147483647;
			files = (
			);
			inputPaths = (
				"${SRCROOT}/Pods/Target Support Files/Pods-Aquatic Saver/Pods-Aquatic Saver-resources.sh",
				"${PODS_ROOT}/GoogleMaps/Maps/Frameworks/GoogleMaps.framework/Resources/GoogleMaps.bundle",
			);
			name = "[CP] Copy Pods Resources";
			outputPaths = (
				"${TARGET_BUILD_DIR}/${UNLOCALIZED_RESOURCES_FOLDER_PATH}/GoogleMaps.bundle",
			);
			runOnlyForDeploymentPostprocessing = 0;
			shellPath = /bin/sh;
			shellScript = "\"${SRCROOT}/Pods/Target Support Files/Pods-Aquatic Saver/Pods-Aquatic Saver-resources.sh\"\n";
			showEnvVarsInLog = 0;
		};
		B29EBAEE5B715D9164EA2213 /* [CP] Check Pods Manifest.lock */ = {
			isa = PBXShellScriptBuildPhase;
			buildActionMask = 2147483647;
			files = (
			);
			inputPaths = (
				"${PODS_PODFILE_DIR_PATH}/Podfile.lock",
				"${PODS_ROOT}/Manifest.lock",
			);
			name = "[CP] Check Pods Manifest.lock";
			outputPaths = (
				"$(DERIVED_FILE_DIR)/Pods-Aquatic Saver-checkManifestLockResult.txt",
			);
			runOnlyForDeploymentPostprocessing = 0;
			shellPath = /bin/sh;
			shellScript = "diff \"${PODS_PODFILE_DIR_PATH}/Podfile.lock\" \"${PODS_ROOT}/Manifest.lock\" > /dev/null\nif [ $? != 0 ] ; then\n    # print error to STDERR\n    echo \"error: The sandbox is not in sync with the Podfile.lock. Run 'pod install' or update your CocoaPods installation.\" >&2\n    exit 1\nfi\n# This output is used by Xcode 'outputs' to avoid re-running this script phase.\necho \"SUCCESS\" > \"${SCRIPT_OUTPUT_FILE_0}\"\n";
			showEnvVarsInLog = 0;
		};
/* End PBXShellScriptBuildPhase section */

/* Begin PBXSourcesBuildPhase section */
		A61850EC214BACB200E6CC51 /* Sources */ = {
			isa = PBXSourcesBuildPhase;
			buildActionMask = 2147483647;
			files = (
				A6AC5E0A2155774C00106D7E /* DateFormatter.swift in Sources */,
				A688B1E82150672A00736BD7 /* SettingsViewController.swift in Sources */,
				A6185102214BAE9900E6CC51 /* UIElements.swift in Sources */,
				A6185103214BAE9900E6CC51 /* Router.swift in Sources */,
				A688B1DC21505E9700736BD7 /* StringCell.swift in Sources */,
				A6185104214BAE9900E6CC51 /* LoginViewController.swift in Sources */,
				A6185105214BAE9900E6CC51 /* RegisterViewController.swift in Sources */,
				A6185107214BAE9900E6CC51 /* MainViewController.swift in Sources */,
				A6185108214BAE9900E6CC51 /* RegisterDeviceViewController.swift in Sources */,
				A688B1D321500C4500736BD7 /* Translator.swift in Sources */,
				A667481C214EA8F200D323E3 /* DeviceStatus.swift in Sources */,
				A6185109214BAE9900E6CC51 /* MapViewController.swift in Sources */,
				A688B1DF215060DD00736BD7 /* BoolCell.swift in Sources */,
				A618510A214BAE9900E6CC51 /* DataSource.swift in Sources */,
				A6E35E1C21519D820009DF52 /* ArrayCell.swift in Sources */,
				A618510B214BAE9900E6CC51 /* ConfigurableCell.swift in Sources */,
				A618510D214BAE9900E6CC51 /* DeviceCell.swift in Sources */,
				A618510F214BAE9900E6CC51 /* SettingTypeCell.swift in Sources */,
				A6185110214BAE9900E6CC51 /* PushNotification.swift in Sources */,
				A6185111214BAE9900E6CC51 /* NotificationManager.swift in Sources */,
				A6185112214BAE9900E6CC51 /* Resource.swift in Sources */,
				A6185113214BAE9900E6CC51 /* AppError.swift in Sources */,
				A6185114214BAE9900E6CC51 /* AppNotification.swift in Sources */,
				A6185115214BAE9900E6CC51 /* Position.swift in Sources */,
				A688B1C9214FFB6600736BD7 /* Event.swift in Sources */,
				A6185116214BAE9900E6CC51 /* Network.swift in Sources */,
				A6185117214BAE9900E6CC51 /* CellTower.swift in Sources */,
				A688B1CB214FFB9600736BD7 /* EventType.swift in Sources */,
				A6185118214BAE9900E6CC51 /* WiFiAccessPoint.swift in Sources */,
				A6185119214BAE9900E6CC51 /* Contact.swift in Sources */,
				A688B1D521504F0400736BD7 /* RowBuilder.swift in Sources */,
				A618511A214BAE9900E6CC51 /* Command.swift in Sources */,
				A618511B214BAE9900E6CC51 /* CommandType.swift in Sources */,
				A688B1E42150629000736BD7 /* SegmentCell.swift in Sources */,
				A618511C214BAE9900E6CC51 /* CommandAttributes.swift in Sources */,
				A688B1D721504FDE00736BD7 /* TableViewDirector.swift in Sources */,
				A618511D214BAE9900E6CC51 /* Server.swift in Sources */,
				A618511E214BAE9900E6CC51 /* Device.swift in Sources */,
				A618511F214BAE9900E6CC51 /* DeviceAttributes.swift in Sources */,
				A6185120214BAE9900E6CC51 /* User.swift in Sources */,
				A6185121214BAE9900E6CC51 /* UserAttributes.swift in Sources */,
				A6185122214BAE9900E6CC51 /* NotificationsSettings.swift in Sources */,
				A6185123214BAE9900E6CC51 /* Attributes.swift in Sources */,
				A6185124214BAE9900E6CC51 /* Extensible.swift in Sources */,
				A6185125214BAE9900E6CC51 /* WebService.swift in Sources */,
				A6185126214BAE9900E6CC51 /* APIClient.swift in Sources */,
				A6185127214BAE9900E6CC51 /* SocketObserver.swift in Sources */,
				A688B1C7214FFB2400736BD7 /* EventAttributes.swift in Sources */,
				A6185128214BAE9900E6CC51 /* UserDefaults +.swift in Sources */,
				A6185129214BAE9900E6CC51 /* AppDelegate.swift in Sources */,
				A618512A214BAE9900E6CC51 /* Setting.swift in Sources */,
				A618512B214BAE9900E6CC51 /* JSON.swift in Sources */,
				A618512C214BAE9900E6CC51 /* Character + Int + String +.swift in Sources */,
				A618512D214BAE9900E6CC51 /* UIViewController +.swift in Sources */,
			);
			runOnlyForDeploymentPostprocessing = 0;
		};
/* End PBXSourcesBuildPhase section */

/* Begin PBXVariantGroup section */
		A6344A84213449EC0064AABB /* Main.storyboard */ = {
			isa = PBXVariantGroup;
			children = (
				A6344A85213449EC0064AABB /* Base */,
			);
			name = Main.storyboard;
			sourceTree = "<group>";
		};
		A6344A89213449EC0064AABB /* LaunchScreen.storyboard */ = {
			isa = PBXVariantGroup;
			children = (
				A6344A8A213449EC0064AABB /* Base */,
			);
			name = LaunchScreen.storyboard;
			sourceTree = "<group>";
		};
/* End PBXVariantGroup section */

/* Begin XCBuildConfiguration section */
		A6185100214BACB300E6CC51 /* Debug */ = {
			isa = XCBuildConfiguration;
			baseConfigurationReference = FA58BD56942DFC47B4C1A9BC /* Pods-Aquatic Saver.debug.xcconfig */;
			buildSettings = {
				ASSETCATALOG_COMPILER_APPICON_NAME = AppIcon;
				CODE_SIGN_STYLE = Automatic;
				DEVELOPMENT_TEAM = HXMC6PFDX2;
				INFOPLIST_FILE = "$(SRCROOT)/Aquatic Saver/Helpers/Info.plist";
				IPHONEOS_DEPLOYMENT_TARGET = 10.3;
				LD_RUNPATH_SEARCH_PATHS = (
					"$(inherited)",
					"@executable_path/Frameworks",
				);
				PRODUCT_BUNDLE_IDENTIFIER = com.zzheads.AquaticSaver;
				PRODUCT_NAME = "$(TARGET_NAME)";
				SWIFT_VERSION = 4.0;
				TARGETED_DEVICE_FAMILY = 1;
			};
			name = Debug;
		};
		A6185101214BACB300E6CC51 /* Release */ = {
			isa = XCBuildConfiguration;
			baseConfigurationReference = 53BD77F7A13C404A49765885 /* Pods-Aquatic Saver.release.xcconfig */;
			buildSettings = {
				ASSETCATALOG_COMPILER_APPICON_NAME = AppIcon;
				CODE_SIGN_STYLE = Automatic;
				DEVELOPMENT_TEAM = HXMC6PFDX2;
				INFOPLIST_FILE = "$(SRCROOT)/Aquatic Saver/Helpers/Info.plist";
				IPHONEOS_DEPLOYMENT_TARGET = 10.3;
				LD_RUNPATH_SEARCH_PATHS = (
					"$(inherited)",
					"@executable_path/Frameworks",
				);
				PRODUCT_BUNDLE_IDENTIFIER = com.zzheads.AquaticSaver;
				PRODUCT_NAME = "$(TARGET_NAME)";
				SWIFT_VERSION = 4.0;
				TARGETED_DEVICE_FAMILY = 1;
			};
			name = Release;
		};
		A6344A8D213449EC0064AABB /* Debug */ = {
			isa = XCBuildConfiguration;
			buildSettings = {
				ALWAYS_SEARCH_USER_PATHS = NO;
				CLANG_ANALYZER_NONNULL = YES;
				CLANG_ANALYZER_NUMBER_OBJECT_CONVERSION = YES_AGGRESSIVE;
				CLANG_CXX_LANGUAGE_STANDARD = "gnu++14";
				CLANG_CXX_LIBRARY = "libc++";
				CLANG_ENABLE_MODULES = YES;
				CLANG_ENABLE_OBJC_ARC = YES;
				CLANG_ENABLE_OBJC_WEAK = YES;
				CLANG_WARN_BLOCK_CAPTURE_AUTORELEASING = YES;
				CLANG_WARN_BOOL_CONVERSION = YES;
				CLANG_WARN_COMMA = YES;
				CLANG_WARN_CONSTANT_CONVERSION = YES;
				CLANG_WARN_DEPRECATED_OBJC_IMPLEMENTATIONS = YES;
				CLANG_WARN_DIRECT_OBJC_ISA_USAGE = YES_ERROR;
				CLANG_WARN_DOCUMENTATION_COMMENTS = YES;
				CLANG_WARN_EMPTY_BODY = YES;
				CLANG_WARN_ENUM_CONVERSION = YES;
				CLANG_WARN_INFINITE_RECURSION = YES;
				CLANG_WARN_INT_CONVERSION = YES;
				CLANG_WARN_NON_LITERAL_NULL_CONVERSION = YES;
				CLANG_WARN_OBJC_IMPLICIT_RETAIN_SELF = YES;
				CLANG_WARN_OBJC_LITERAL_CONVERSION = YES;
				CLANG_WARN_OBJC_ROOT_CLASS = YES_ERROR;
				CLANG_WARN_RANGE_LOOP_ANALYSIS = YES;
				CLANG_WARN_STRICT_PROTOTYPES = YES;
				CLANG_WARN_SUSPICIOUS_MOVE = YES;
				CLANG_WARN_UNGUARDED_AVAILABILITY = YES_AGGRESSIVE;
				CLANG_WARN_UNREACHABLE_CODE = YES;
				CLANG_WARN__DUPLICATE_METHOD_MATCH = YES;
				CODE_SIGN_IDENTITY = "iPhone Developer";
				COPY_PHASE_STRIP = NO;
				DEBUG_INFORMATION_FORMAT = dwarf;
				ENABLE_STRICT_OBJC_MSGSEND = YES;
				ENABLE_TESTABILITY = YES;
				GCC_C_LANGUAGE_STANDARD = gnu11;
				GCC_DYNAMIC_NO_PIC = NO;
				GCC_NO_COMMON_BLOCKS = YES;
				GCC_OPTIMIZATION_LEVEL = 0;
				GCC_PREPROCESSOR_DEFINITIONS = (
					"DEBUG=1",
					"$(inherited)",
				);
				GCC_WARN_64_TO_32_BIT_CONVERSION = YES;
				GCC_WARN_ABOUT_RETURN_TYPE = YES_ERROR;
				GCC_WARN_UNDECLARED_SELECTOR = YES;
				GCC_WARN_UNINITIALIZED_AUTOS = YES_AGGRESSIVE;
				GCC_WARN_UNUSED_FUNCTION = YES;
				GCC_WARN_UNUSED_VARIABLE = YES;
				IPHONEOS_DEPLOYMENT_TARGET = 11.4;
				MTL_ENABLE_DEBUG_INFO = YES;
				ONLY_ACTIVE_ARCH = YES;
				SDKROOT = iphoneos;
				SWIFT_ACTIVE_COMPILATION_CONDITIONS = DEBUG;
				SWIFT_OPTIMIZATION_LEVEL = "-Onone";
			};
			name = Debug;
		};
		A6344A8E213449EC0064AABB /* Release */ = {
			isa = XCBuildConfiguration;
			buildSettings = {
				ALWAYS_SEARCH_USER_PATHS = NO;
				CLANG_ANALYZER_NONNULL = YES;
				CLANG_ANALYZER_NUMBER_OBJECT_CONVERSION = YES_AGGRESSIVE;
				CLANG_CXX_LANGUAGE_STANDARD = "gnu++14";
				CLANG_CXX_LIBRARY = "libc++";
				CLANG_ENABLE_MODULES = YES;
				CLANG_ENABLE_OBJC_ARC = YES;
				CLANG_ENABLE_OBJC_WEAK = YES;
				CLANG_WARN_BLOCK_CAPTURE_AUTORELEASING = YES;
				CLANG_WARN_BOOL_CONVERSION = YES;
				CLANG_WARN_COMMA = YES;
				CLANG_WARN_CONSTANT_CONVERSION = YES;
				CLANG_WARN_DEPRECATED_OBJC_IMPLEMENTATIONS = YES;
				CLANG_WARN_DIRECT_OBJC_ISA_USAGE = YES_ERROR;
				CLANG_WARN_DOCUMENTATION_COMMENTS = YES;
				CLANG_WARN_EMPTY_BODY = YES;
				CLANG_WARN_ENUM_CONVERSION = YES;
				CLANG_WARN_INFINITE_RECURSION = YES;
				CLANG_WARN_INT_CONVERSION = YES;
				CLANG_WARN_NON_LITERAL_NULL_CONVERSION = YES;
				CLANG_WARN_OBJC_IMPLICIT_RETAIN_SELF = YES;
				CLANG_WARN_OBJC_LITERAL_CONVERSION = YES;
				CLANG_WARN_OBJC_ROOT_CLASS = YES_ERROR;
				CLANG_WARN_RANGE_LOOP_ANALYSIS = YES;
				CLANG_WARN_STRICT_PROTOTYPES = YES;
				CLANG_WARN_SUSPICIOUS_MOVE = YES;
				CLANG_WARN_UNGUARDED_AVAILABILITY = YES_AGGRESSIVE;
				CLANG_WARN_UNREACHABLE_CODE = YES;
				CLANG_WARN__DUPLICATE_METHOD_MATCH = YES;
				CODE_SIGN_IDENTITY = "iPhone Developer";
				COPY_PHASE_STRIP = NO;
				DEBUG_INFORMATION_FORMAT = "dwarf-with-dsym";
				ENABLE_NS_ASSERTIONS = NO;
				ENABLE_STRICT_OBJC_MSGSEND = YES;
				GCC_C_LANGUAGE_STANDARD = gnu11;
				GCC_NO_COMMON_BLOCKS = YES;
				GCC_WARN_64_TO_32_BIT_CONVERSION = YES;
				GCC_WARN_ABOUT_RETURN_TYPE = YES_ERROR;
				GCC_WARN_UNDECLARED_SELECTOR = YES;
				GCC_WARN_UNINITIALIZED_AUTOS = YES_AGGRESSIVE;
				GCC_WARN_UNUSED_FUNCTION = YES;
				GCC_WARN_UNUSED_VARIABLE = YES;
				IPHONEOS_DEPLOYMENT_TARGET = 11.4;
				MTL_ENABLE_DEBUG_INFO = NO;
				SDKROOT = iphoneos;
				SWIFT_COMPILATION_MODE = wholemodule;
				SWIFT_OPTIMIZATION_LEVEL = "-O";
				VALIDATE_PRODUCT = YES;
			};
			name = Release;
		};
/* End XCBuildConfiguration section */

/* Begin XCConfigurationList section */
		A61850FF214BACB300E6CC51 /* Build configuration list for PBXNativeTarget "Aquatic Saver" */ = {
			isa = XCConfigurationList;
			buildConfigurations = (
				A6185100214BACB300E6CC51 /* Debug */,
				A6185101214BACB300E6CC51 /* Release */,
			);
			defaultConfigurationIsVisible = 0;
			defaultConfigurationName = Release;
		};
		A6344A78213449EC0064AABB /* Build configuration list for PBXProject "Aquatic Saver" */ = {
			isa = XCConfigurationList;
			buildConfigurations = (
				A6344A8D213449EC0064AABB /* Debug */,
				A6344A8E213449EC0064AABB /* Release */,
			);
			defaultConfigurationIsVisible = 0;
			defaultConfigurationName = Release;
		};
/* End XCConfigurationList section */
	};
	rootObject = A6344A75213449EC0064AABB /* Project object */;
}
